
Microsoft Visual Studio Solution File, Format Version 12.00
Project("{FAE04EC0-301F-11D3-BF4B-00C04F79EFBC}") = "product-service", "product-service\product-service.csproj", "{03CDFEA2-59EE-40F9-B578-FB868808A30C}"
EndProject
Global
	GlobalSection(SolutionConfigurationPlatforms) = preSolution
		Debug|Any CPU = Debug|Any CPU
		Release|Any CPU = Release|Any CPU
	EndGlobalSection
	GlobalSection(ProjectConfigurationPlatforms) = postSolution
		{03CDFEA2-59EE-40F9-B578-FB868808A30C}.Debug|Any CPU.ActiveCfg = Debug|Any CPU
		{03CDFEA2-59EE-40F9-B578-FB868808A30C}.Debug|Any CPU.Build.0 = Debug|Any CPU
		{03CDFEA2-59EE-40F9-B578-FB868808A30C}.Release|Any CPU.ActiveCfg = Release|Any CPU
		{03CDFEA2-59EE-40F9-B578-FB868808A30C}.Release|Any CPU.Build.0 = Release|Any CPU
	EndGlobalSection
EndGlobal
